
Microsoft Visual Studio Solution File, Format Version 12.00
# Visual Studio 15
VisualStudioVersion = 15.0.28307.329
MinimumVisualStudioVersion = 10.0.40219.1
Project("{FAE04EC0-301F-11D3-BF4B-00C04F79EFBC}") = "KGySoft.Controls", "KGySoft.Controls\KGySoft.Controls.csproj", "{3B635381-FF0A-41BD-828E-76937ED6F5DF}"
EndProject
Global
	GlobalSection(SolutionConfigurationPlatforms) = preSolution
		Debug_NET35|Any CPU = Debug_NET35|Any CPU
		Debug_NET40|Any CPU = Debug_NET40|Any CPU
		Debug_NET45|Any CPU = Debug_NET45|Any CPU
		Release_NET35|Any CPU = Release_NET35|Any CPU
		Release_NET40|Any CPU = Release_NET40|Any CPU
		Release_NET45|Any CPU = Release_NET45|Any CPU
	EndGlobalSection
	GlobalSection(ProjectConfigurationPlatforms) = postSolution
		{3B635381-FF0A-41BD-828E-76937ED6F5DF}.Debug_NET35|Any CPU.ActiveCfg = Debug_NET35|Any CPU
		{3B635381-FF0A-41BD-828E-76937ED6F5DF}.Debug_NET35|Any CPU.Build.0 = Debug_NET35|Any CPU
		{3B635381-FF0A-41BD-828E-76937ED6F5DF}.Debug_NET40|Any CPU.ActiveCfg = Debug_NET40|Any CPU
		{3B635381-FF0A-41BD-828E-76937ED6F5DF}.Debug_NET40|Any CPU.Build.0 = Debug_NET40|Any CPU
		{3B635381-FF0A-41BD-828E-76937ED6F5DF}.Debug_NET45|Any CPU.ActiveCfg = Debug_NET45|Any CPU
		{3B635381-FF0A-41BD-828E-76937ED6F5DF}.Debug_NET45|Any CPU.Build.0 = Debug_NET45|Any CPU
		{3B635381-FF0A-41BD-828E-76937ED6F5DF}.Release_NET35|Any CPU.ActiveCfg = Release_NET35|Any CPU
		{3B635381-FF0A-41BD-828E-76937ED6F5DF}.Release_NET35|Any CPU.Build.0 = Release_NET35|Any CPU
		{3B635381-FF0A-41BD-828E-76937ED6F5DF}.Release_NET40|Any CPU.ActiveCfg = Release_NET40|Any CPU
		{3B635381-FF0A-41BD-828E-76937ED6F5DF}.Release_NET40|Any CPU.Build.0 = Release_NET40|Any CPU
		{3B635381-FF0A-41BD-828E-76937ED6F5DF}.Release_NET45|Any CPU.ActiveCfg = Release_NET45|Any CPU
		{3B635381-FF0A-41BD-828E-76937ED6F5DF}.Release_NET45|Any CPU.Build.0 = Release_NET45|Any CPU
	EndGlobalSection
	GlobalSection(SolutionProperties) = preSolution
		HideSolutionNode = FALSE
	EndGlobalSection
	GlobalSection(ExtensibilityGlobals) = postSolution
		SolutionGuid = {E07D6F50-FEEE-470F-8696-DB959AA5A75C}
	EndGlobalSection
EndGlobal
